{
    "_readme": [
        "This file locks the dependencies of your project to a known state",
        "Read more about it at http://getcomposer.org/doc/01-basic-usage.md#composer-lock-the-lock-file"
    ],
    "hash": "4378ba474d8e28d4ed49243c260f2756",
    "packages": [
        {
            "name": "iron-io/iron_core",
            "version": "0.1.6",
            "source": {
                "type": "git",
                "url": "https://github.com/iron-io/iron_core_php.git",
                "reference": "209b9e65279643f9716b918a6b5168141d548593"
            },
            "dist": {
                "type": "zip",
                "url": "https://api.github.com/repos/iron-io/iron_core_php/zipball/209b9e65279643f9716b918a6b5168141d548593",
                "reference": "209b9e65279643f9716b918a6b5168141d548593",
                "shasum": ""
            },
            "require": {
                "php": ">=5.2.0"
            },
            "type": "library",
            "autoload": {
                "classmap": [
                    "IronCore.class.php"
                ]
            },
            "notification-url": "https://packagist.org/downloads/",
            "license": [
                "MIT"
            ],
            "authors": [
                {
                    "name": "Alexander S",
                    "email": "alexander@iron.io",
                    "homepage": "http://iron.io",
                    "role": "Developer"
                },
                {
                    "name": "Iron.io",
                    "email": "support@iron.io",
                    "homepage": "http://iron.io",
                    "role": "Developer"
                }
            ],
            "description": "Collection of common functions for all iron.io client libraries",
            "homepage": "http://github.com/iron-io/iron_core_php",
            "keywords": [
                "iron",
                "iron_core"
            ],
            "time": "2013-09-17 03:47:38"
        },
        {
            "name": "iron-io/iron_mq",
            "version": "dev-master",
            "source": {
                "type": "git",
                "url": "https://github.com/iron-io/iron_mq_php.git",
                "reference": "82dde27337801a914a5ac88cd5f1ba7739f85f19"
            },
            "dist": {
                "type": "zip",
                "url": "https://api.github.com/repos/iron-io/iron_mq_php/zipball/82dde27337801a914a5ac88cd5f1ba7739f85f19",
                "reference": "82dde27337801a914a5ac88cd5f1ba7739f85f19",
                "shasum": ""
            },
            "require": {
                "iron-io/iron_core": "*",
                "php": ">=5.2.0"
            },
            "type": "library",
            "autoload": {
                "files": [
                    "IronMQ.class.php"
                ]
            },
            "notification-url": "https://packagist.org/downloads/",
            "license": [
                "MIT"
            ],
            "authors": [
                {
                    "name": "Alexander S",
                    "email": "alexander@iron.io",
                    "homepage": "http://iron.io",
                    "role": "Developer"
                }
            ],
            "description": "Client binding for IronMQ (hosted message queue)",
            "homepage": "http://github.com/iron-io/iron_mq_php",
            "keywords": [
                "MQ",
                "iron",
                "iron_mq"
            ],
            "time": "2014-02-19 14:02:39"
        }
    ],
    "packages-dev": [

    ],
    "aliases": [

    ],
    "minimum-stability": "stable",
    "stability-flags": {
        "iron-io/iron_mq": 20
    },
    "platform": [

    ],
    "platform-dev": [

    ]
}
